
Microsoft Visual Studio Solution File, Format Version 12.00
# Visual Studio Version 17
VisualStudioVersion = 17.3.32825.248
MinimumVisualStudioVersion = 10.0.40219.1
Project("{FAE04EC0-301F-11D3-BF4B-00C04F79EFBC}") = "comp2084-week1", "comp2084-week1\comp2084-week1.csproj", "{26AFF29C-AA33-4397-B124-7FE012D42A9C}"
EndProject
Global
	GlobalSection(SolutionConfigurationPlatforms) = preSolution
		Debug|Any CPU = Debug|Any CPU
		Release|Any CPU = Release|Any CPU
	EndGlobalSection
	GlobalSection(ProjectConfigurationPlatforms) = postSolution
		{26AFF29C-AA33-4397-B124-7FE012D42A9C}.Debug|Any CPU.ActiveCfg = Debug|Any CPU
		{26AFF29C-AA33-4397-B124-7FE012D42A9C}.Debug|Any CPU.Build.0 = Debug|Any CPU
		{26AFF29C-AA33-4397-B124-7FE012D42A9C}.Release|Any CPU.ActiveCfg = Release|Any CPU
		{26AFF29C-AA33-4397-B124-7FE012D42A9C}.Release|Any CPU.Build.0 = Release|Any CPU
	EndGlobalSection
	GlobalSection(SolutionProperties) = preSolution
		HideSolutionNode = FALSE
	EndGlobalSection
	GlobalSection(ExtensibilityGlobals) = postSolution
		SolutionGuid = {FD55A659-3B98-499A-832F-A39EC5CD0C31}
	EndGlobalSection
EndGlobal
